
Microsoft Visual Studio Solution File, Format Version 12.00
Project("{F2A71F9B-5D33-465A-A702-920D77279786}") = "WaniKaniDownloader", "WaniKaniDownloader\WaniKaniDownloader.fsproj", "{222508BB-30DB-471A-BCFD-F5775E74EB23}"
EndProject
Global
	GlobalSection(SolutionConfigurationPlatforms) = preSolution
		Debug|Any CPU = Debug|Any CPU
		Release|Any CPU = Release|Any CPU
	EndGlobalSection
	GlobalSection(ProjectConfigurationPlatforms) = postSolution
		{222508BB-30DB-471A-BCFD-F5775E74EB23}.Debug|Any CPU.ActiveCfg = Debug|Any CPU
		{222508BB-30DB-471A-BCFD-F5775E74EB23}.Debug|Any CPU.Build.0 = Debug|Any CPU
		{222508BB-30DB-471A-BCFD-F5775E74EB23}.Release|Any CPU.ActiveCfg = Release|Any CPU
		{222508BB-30DB-471A-BCFD-F5775E74EB23}.Release|Any CPU.Build.0 = Release|Any CPU
	EndGlobalSection
EndGlobal
